
Microsoft Visual Studio Solution File, Format Version 12.00
# Visual Studio Version 17
VisualStudioVersion = 17.3.32804.467
MinimumVisualStudioVersion = 10.0.40219.1
Project("{FAE04EC0-301F-11D3-BF4B-00C04F79EFBC}") = "Queues", "Queues.csproj", "{425B94E2-49E2-4AC7-A722-B3C0A1CC438B}"
EndProject
Global
	GlobalSection(SolutionConfigurationPlatforms) = preSolution
		Debug|Any CPU = Debug|Any CPU
		Release|Any CPU = Release|Any CPU
	EndGlobalSection
	GlobalSection(ProjectConfigurationPlatforms) = postSolution
		{425B94E2-49E2-4AC7-A722-B3C0A1CC438B}.Debug|Any CPU.ActiveCfg = Debug|Any CPU
		{425B94E2-49E2-4AC7-A722-B3C0A1CC438B}.Debug|Any CPU.Build.0 = Debug|Any CPU
		{425B94E2-49E2-4AC7-A722-B3C0A1CC438B}.Release|Any CPU.ActiveCfg = Release|Any CPU
		{425B94E2-49E2-4AC7-A722-B3C0A1CC438B}.Release|Any CPU.Build.0 = Release|Any CPU
	EndGlobalSection
	GlobalSection(SolutionProperties) = preSolution
		HideSolutionNode = FALSE
	EndGlobalSection
	GlobalSection(ExtensibilityGlobals) = postSolution
		SolutionGuid = {A1E3782D-EA3C-47B9-9BFC-9BF6F2C1B950}
	EndGlobalSection
EndGlobal
