
Microsoft Visual Studio Solution File, Format Version 12.00
# Visual Studio Version 17
VisualStudioVersion = 17.3.32804.467
MinimumVisualStudioVersion = 10.0.40219.1
Project("{FAE04EC0-301F-11D3-BF4B-00C04F79EFBC}") = "CircularSingleLinkedList", "CircularSingleLinkedList.csproj", "{EEFA3137-03C8-44A6-BE16-A8A41B783F26}"
EndProject
Global
	GlobalSection(SolutionConfigurationPlatforms) = preSolution
		Debug|Any CPU = Debug|Any CPU
		Release|Any CPU = Release|Any CPU
	EndGlobalSection
	GlobalSection(ProjectConfigurationPlatforms) = postSolution
		{EEFA3137-03C8-44A6-BE16-A8A41B783F26}.Debug|Any CPU.ActiveCfg = Debug|Any CPU
		{EEFA3137-03C8-44A6-BE16-A8A41B783F26}.Debug|Any CPU.Build.0 = Debug|Any CPU
		{EEFA3137-03C8-44A6-BE16-A8A41B783F26}.Release|Any CPU.ActiveCfg = Release|Any CPU
		{EEFA3137-03C8-44A6-BE16-A8A41B783F26}.Release|Any CPU.Build.0 = Release|Any CPU
	EndGlobalSection
	GlobalSection(SolutionProperties) = preSolution
		HideSolutionNode = FALSE
	EndGlobalSection
	GlobalSection(ExtensibilityGlobals) = postSolution
		SolutionGuid = {D8031F2B-EB4B-475A-A274-7F4E0DB93C53}
	EndGlobalSection
EndGlobal
