
Microsoft Visual Studio Solution File, Format Version 12.00
# Visual Studio Version 17
VisualStudioVersion = 17.3.32804.467
MinimumVisualStudioVersion = 10.0.40219.1
Project("{FAE04EC0-301F-11D3-BF4B-00C04F79EFBC}") = "SelectionSort", "SelectionSort.csproj", "{E10D0E16-109D-4331-998C-2E162C2FC5E6}"
EndProject
Global
	GlobalSection(SolutionConfigurationPlatforms) = preSolution
		Debug|Any CPU = Debug|Any CPU
		Release|Any CPU = Release|Any CPU
	EndGlobalSection
	GlobalSection(ProjectConfigurationPlatforms) = postSolution
		{E10D0E16-109D-4331-998C-2E162C2FC5E6}.Debug|Any CPU.ActiveCfg = Debug|Any CPU
		{E10D0E16-109D-4331-998C-2E162C2FC5E6}.Debug|Any CPU.Build.0 = Debug|Any CPU
		{E10D0E16-109D-4331-998C-2E162C2FC5E6}.Release|Any CPU.ActiveCfg = Release|Any CPU
		{E10D0E16-109D-4331-998C-2E162C2FC5E6}.Release|Any CPU.Build.0 = Release|Any CPU
	EndGlobalSection
	GlobalSection(SolutionProperties) = preSolution
		HideSolutionNode = FALSE
	EndGlobalSection
	GlobalSection(ExtensibilityGlobals) = postSolution
		SolutionGuid = {1A95F405-A09F-4465-8D0F-2CEC8CF911FB}
	EndGlobalSection
EndGlobal
