
Microsoft Visual Studio Solution File, Format Version 12.00
# Visual Studio Version 17
VisualStudioVersion = 17.3.32804.467
MinimumVisualStudioVersion = 10.0.40219.1
Project("{FAE04EC0-301F-11D3-BF4B-00C04F79EFBC}") = "LinearSearch", "LinearSearch\LinearSearch.csproj", "{2044360B-9369-4ED9-BFB5-24AB1AD6BF63}"
EndProject
Project("{FAE04EC0-301F-11D3-BF4B-00C04F79EFBC}") = "BinarySearch", "..\BinarySearch\BinarySearch.csproj", "{F9C784FB-58C3-4010-BAF7-63C8C018B4B1}"
EndProject
Global
	GlobalSection(SolutionConfigurationPlatforms) = preSolution
		Debug|Any CPU = Debug|Any CPU
		Release|Any CPU = Release|Any CPU
	EndGlobalSection
	GlobalSection(ProjectConfigurationPlatforms) = postSolution
		{2044360B-9369-4ED9-BFB5-24AB1AD6BF63}.Debug|Any CPU.ActiveCfg = Debug|Any CPU
		{2044360B-9369-4ED9-BFB5-24AB1AD6BF63}.Debug|Any CPU.Build.0 = Debug|Any CPU
		{2044360B-9369-4ED9-BFB5-24AB1AD6BF63}.Release|Any CPU.ActiveCfg = Release|Any CPU
		{2044360B-9369-4ED9-BFB5-24AB1AD6BF63}.Release|Any CPU.Build.0 = Release|Any CPU
		{F9C784FB-58C3-4010-BAF7-63C8C018B4B1}.Debug|Any CPU.ActiveCfg = Debug|Any CPU
		{F9C784FB-58C3-4010-BAF7-63C8C018B4B1}.Debug|Any CPU.Build.0 = Debug|Any CPU
		{F9C784FB-58C3-4010-BAF7-63C8C018B4B1}.Release|Any CPU.ActiveCfg = Release|Any CPU
		{F9C784FB-58C3-4010-BAF7-63C8C018B4B1}.Release|Any CPU.Build.0 = Release|Any CPU
	EndGlobalSection
	GlobalSection(SolutionProperties) = preSolution
		HideSolutionNode = FALSE
	EndGlobalSection
	GlobalSection(ExtensibilityGlobals) = postSolution
		SolutionGuid = {A0BD992F-92A7-4470-BF2E-12F387B17F26}
	EndGlobalSection
EndGlobal
